// !$*UTF8*$!
{
	archiveVersion = 1;
	classes = {
	};
	objectVersion = 46;
	objects = {

/* Begin PBXBuildFile section */
		EA4FF4B918FF7855002A06A6 /* Foundation.framework in Frameworks */ = {isa = PBXBuildFile; fileRef = EA4FF4B818FF7855002A06A6 /* Foundation.framework */; };
		EA4FF4BB18FF7855002A06A6 /* CoreGraphics.framework in Frameworks */ = {isa = PBXBuildFile; fileRef = EA4FF4BA18FF7855002A06A6 /* CoreGraphics.framework */; };
		EA4FF4BD18FF7855002A06A6 /* UIKit.framework in Frameworks */ = {isa = PBXBuildFile; fileRef = EA4FF4BC18FF7855002A06A6 /* UIKit.framework */; };
		EA4FF4C318FF7855002A06A6 /* InfoPlist.strings in Resources */ = {isa = PBXBuildFile; fileRef = EA4FF4C118FF7855002A06A6 /* InfoPlist.strings */; };
		EA4FF4C518FF7855002A06A6 /* main.m in Sources */ = {isa = PBXBuildFile; fileRef = EA4FF4C418FF7855002A06A6 /* main.m */; };
		EA4FF4CC18FF7855002A06A6 /* Main.storyboard in Resources */ = {isa = PBXBuildFile; fileRef = EA4FF4CA18FF7855002A06A6 /* Main.storyboard */; };
		EA4FF4CF18FF7855002A06A6 /* MCDViewController.m in Sources */ = {isa = PBXBuildFile; fileRef = EA4FF4CE18FF7855002A06A6 /* MCDViewController.m */; };
		EA4FF4D118FF7855002A06A6 /* Images.xcassets in Resources */ = {isa = PBXBuildFile; fileRef = EA4FF4D018FF7855002A06A6 /* Images.xcassets */; };
		EA4FF4D818FF7855002A06A6 /* XCTest.framework in Frameworks */ = {isa = PBXBuildFile; fileRef = EA4FF4D718FF7855002A06A6 /* XCTest.framework */; };
		EA4FF4D918FF7855002A06A6 /* Foundation.framework in Frameworks */ = {isa = PBXBuildFile; fileRef = EA4FF4B818FF7855002A06A6 /* Foundation.framework */; };
		EA4FF4DA18FF7855002A06A6 /* UIKit.framework in Frameworks */ = {isa = PBXBuildFile; fileRef = EA4FF4BC18FF7855002A06A6 /* UIKit.framework */; };
		EA4FF4E218FF7855002A06A6 /* InfoPlist.strings in Resources */ = {isa = PBXBuildFile; fileRef = EA4FF4E018FF7855002A06A6 /* InfoPlist.strings */; };
		EA4FF4E418FF7855002A06A6 /* MultiChatDemoTests.m in Sources */ = {isa = PBXBuildFile; fileRef = EA4FF4E318FF7855002A06A6 /* MultiChatDemoTests.m */; };
		EA4FF4EF18FF7FB1002A06A6 /* MCDAppDelegate.m in Sources */ = {isa = PBXBuildFile; fileRef = EA4FF4EE18FF7FB1002A06A6 /* MCDAppDelegate.m */; };
		EA4FF4F218FF87E6002A06A6 /* MCDTextCell.m in Sources */ = {isa = PBXBuildFile; fileRef = EA4FF4F118FF87E6002A06A6 /* MCDTextCell.m */; };
/* End PBXBuildFile section */

/* Begin PBXContainerItemProxy section */
		EA4FF4DB18FF7855002A06A6 /* PBXContainerItemProxy */ = {
			isa = PBXContainerItemProxy;
			containerPortal = EA4FF4AD18FF7855002A06A6 /* Project object */;
			proxyType = 1;
			remoteGlobalIDString = EA4FF4B418FF7855002A06A6;
			remoteInfo = MultiChatDemo;
		};
/* End PBXContainerItemProxy section */

/* Begin PBXFileReference section */
		EA4FF4B518FF7855002A06A6 /* MultiChatDemo.app */ = {isa = PBXFileReference; explicitFileType = wrapper.application; includeInIndex = 0; path = MultiChatDemo.app; sourceTree = BUILT_PRODUCTS_DIR; };
		EA4FF4B818FF7855002A06A6 /* Foundation.framework */ = {isa = PBXFileReference; lastKnownFileType = wrapper.framework; name = Foundation.framework; path = System/Library/Frameworks/Foundation.framework; sourceTree = SDKROOT; };
		EA4FF4BA18FF7855002A06A6 /* CoreGraphics.framework */ = {isa = PBXFileReference; lastKnownFileType = wrapper.framework; name = CoreGraphics.framework; path = System/Library/Frameworks/CoreGraphics.framework; sourceTree = SDKROOT; };
		EA4FF4BC18FF7855002A06A6 /* UIKit.framework */ = {isa = PBXFileReference; lastKnownFileType = wrapper.framework; name = UIKit.framework; path = System/Library/Frameworks/UIKit.framework; sourceTree = SDKROOT; };
		EA4FF4C018FF7855002A06A6 /* MultiChatDemo-Info.plist */ = {isa = PBXFileReference; lastKnownFileType = text.plist.xml; path = "MultiChatDemo-Info.plist"; sourceTree = "<group>"; };
		EA4FF4C218FF7855002A06A6 /* en */ = {isa = PBXFileReference; lastKnownFileType = text.plist.strings; name = en; path = en.lproj/InfoPlist.strings; sourceTree = "<group>"; };
		EA4FF4C418FF7855002A06A6 /* main.m */ = {isa = PBXFileReference; lastKnownFileType = sourcecode.c.objc; path = main.m; sourceTree = "<group>"; };
		EA4FF4C618FF7855002A06A6 /* MultiChatDemo-Prefix.pch */ = {isa = PBXFileReference; lastKnownFileType = sourcecode.c.h; path = "MultiChatDemo-Prefix.pch"; sourceTree = "<group>"; };
		EA4FF4CB18FF7855002A06A6 /* Base */ = {isa = PBXFileReference; lastKnownFileType = file.storyboard; name = Base; path = Base.lproj/Main.storyboard; sourceTree = "<group>"; };
		EA4FF4CD18FF7855002A06A6 /* MCDViewController.h */ = {isa = PBXFileReference; lastKnownFileType = sourcecode.c.h; path = MCDViewController.h; sourceTree = "<group>"; };
		EA4FF4CE18FF7855002A06A6 /* MCDViewController.m */ = {isa = PBXFileReference; lastKnownFileType = sourcecode.c.objc; path = MCDViewController.m; sourceTree = "<group>"; };
		EA4FF4D018FF7855002A06A6 /* Images.xcassets */ = {isa = PBXFileReference; lastKnownFileType = folder.assetcatalog; path = Images.xcassets; sourceTree = "<group>"; };
		EA4FF4D618FF7855002A06A6 /* MultiChatDemoTests.xctest */ = {isa = PBXFileReference; explicitFileType = wrapper.cfbundle; includeInIndex = 0; path = MultiChatDemoTests.xctest; sourceTree = BUILT_PRODUCTS_DIR; };
		EA4FF4D718FF7855002A06A6 /* XCTest.framework */ = {isa = PBXFileReference; lastKnownFileType = wrapper.framework; name = XCTest.framework; path = Library/Frameworks/XCTest.framework; sourceTree = DEVELOPER_DIR; };
		EA4FF4DF18FF7855002A06A6 /* MultiChatDemoTests-Info.plist */ = {isa = PBXFileReference; lastKnownFileType = text.plist.xml; path = "MultiChatDemoTests-Info.plist"; sourceTree = "<group>"; };
		EA4FF4E118FF7855002A06A6 /* en */ = {isa = PBXFileReference; lastKnownFileType = text.plist.strings; name = en; path = en.lproj/InfoPlist.strings; sourceTree = "<group>"; };
		EA4FF4E318FF7855002A06A6 /* MultiChatDemoTests.m */ = {isa = PBXFileReference; lastKnownFileType = sourcecode.c.objc; path = MultiChatDemoTests.m; sourceTree = "<group>"; };
		EA4FF4ED18FF7FB1002A06A6 /* MCDAppDelegate.h */ = {isa = PBXFileReference; fileEncoding = 4; lastKnownFileType = sourcecode.c.h; path = MCDAppDelegate.h; sourceTree = "<group>"; };
		EA4FF4EE18FF7FB1002A06A6 /* MCDAppDelegate.m */ = {isa = PBXFileReference; fileEncoding = 4; lastKnownFileType = sourcecode.c.objc; path = MCDAppDelegate.m; sourceTree = "<group>"; };
		EA4FF4F018FF87E6002A06A6 /* MCDTextCell.h */ = {isa = PBXFileReference; fileEncoding = 4; lastKnownFileType = sourcecode.c.h; path = MCDTextCell.h; sourceTree = "<group>"; };
		EA4FF4F118FF87E6002A06A6 /* MCDTextCell.m */ = {isa = PBXFileReference; fileEncoding = 4; lastKnownFileType = sourcecode.c.objc; path = MCDTextCell.m; sourceTree = "<group>"; };
/* End PBXFileReference section */

/* Begin PBXFrameworksBuildPhase section */
		EA4FF4B218FF7855002A06A6 /* Frameworks */ = {
			isa = PBXFrameworksBuildPhase;
			buildActionMask = 2147483647;
			files = (
				EA4FF4BB18FF7855002A06A6 /* CoreGraphics.framework in Frameworks */,
				EA4FF4BD18FF7855002A06A6 /* UIKit.framework in Frameworks */,
				EA4FF4B918FF7855002A06A6 /* Foundation.framework in Frameworks */,
			);
			runOnlyForDeploymentPostprocessing = 0;
		};
		EA4FF4D318FF7855002A06A6 /* Frameworks */ = {
			isa = PBXFrameworksBuildPhase;
			buildActionMask = 2147483647;
			files = (
				EA4FF4D818FF7855002A06A6 /* XCTest.framework in Frameworks */,
				EA4FF4DA18FF7855002A06A6 /* UIKit.framework in Frameworks */,
				EA4FF4D918FF7855002A06A6 /* Foundation.framework in Frameworks */,
			);
			runOnlyForDeploymentPostprocessing = 0;
		};
/* End PBXFrameworksBuildPhase section */

/* Begin PBXGroup section */
		EA4FF4AC18FF7855002A06A6 = {
			isa = PBXGroup;
			children = (
				EA4FF4BE18FF7855002A06A6 /* MultiChatDemo */,
				EA4FF4DD18FF7855002A06A6 /* MultiChatDemoTests */,
				EA4FF4B718FF7855002A06A6 /* Frameworks */,
				EA4FF4B618FF7855002A06A6 /* Products */,
			);
			sourceTree = "<group>";
		};
		EA4FF4B618FF7855002A06A6 /* Products */ = {
			isa = PBXGroup;
			children = (
				EA4FF4B518FF7855002A06A6 /* MultiChatDemo.app */,
				EA4FF4D618FF7855002A06A6 /* MultiChatDemoTests.xctest */,
			);
			name = Products;
			sourceTree = "<group>";
		};
		EA4FF4B718FF7855002A06A6 /* Frameworks */ = {
			isa = PBXGroup;
			children = (
				EA4FF4B818FF7855002A06A6 /* Foundation.framework */,
				EA4FF4BA18FF7855002A06A6 /* CoreGraphics.framework */,
				EA4FF4BC18FF7855002A06A6 /* UIKit.framework */,
				EA4FF4D718FF7855002A06A6 /* XCTest.framework */,
			);
			name = Frameworks;
			sourceTree = "<group>";
		};
		EA4FF4BE18FF7855002A06A6 /* MultiChatDemo */ = {
			isa = PBXGroup;
			children = (
				EA4FF4ED18FF7FB1002A06A6 /* MCDAppDelegate.h */,
				EA4FF4EE18FF7FB1002A06A6 /* MCDAppDelegate.m */,
				EA4FF4CA18FF7855002A06A6 /* Main.storyboard */,
				EA4FF4CD18FF7855002A06A6 /* MCDViewController.h */,
				EA4FF4CE18FF7855002A06A6 /* MCDViewController.m */,
				EA4FF4D018FF7855002A06A6 /* Images.xcassets */,
				EA4FF4BF18FF7855002A06A6 /* Supporting Files */,
				EA4FF4F018FF87E6002A06A6 /* MCDTextCell.h */,
				EA4FF4F118FF87E6002A06A6 /* MCDTextCell.m */,
			);
			path = MultiChatDemo;
			sourceTree = "<group>";
		};
		EA4FF4BF18FF7855002A06A6 /* Supporting Files */ = {
			isa = PBXGroup;
			children = (
				EA4FF4C018FF7855002A06A6 /* MultiChatDemo-Info.plist */,
				EA4FF4C118FF7855002A06A6 /* InfoPlist.strings */,
				EA4FF4C418FF7855002A06A6 /* main.m */,
				EA4FF4C618FF7855002A06A6 /* MultiChatDemo-Prefix.pch */,
			);
			name = "Supporting Files";
			sourceTree = "<group>";
		};
		EA4FF4DD18FF7855002A06A6 /* MultiChatDemoTests */ = {
			isa = PBXGroup;
			children = (
				EA4FF4E318FF7855002A06A6 /* MultiChatDemoTests.m */,
				EA4FF4DE18FF7855002A06A6 /* Supporting Files */,
			);
			path = MultiChatDemoTests;
			sourceTree = "<group>";
		};
		EA4FF4DE18FF7855002A06A6 /* Supporting Files */ = {
			isa = PBXGroup;
			children = (
				EA4FF4DF18FF7855002A06A6 /* MultiChatDemoTests-Info.plist */,
				EA4FF4E018FF7855002A06A6 /* InfoPlist.strings */,
			);
			name = "Supporting Files";
			sourceTree = "<group>";
		};
/* End PBXGroup section */

/* Begin PBXNativeTarget section */
		EA4FF4B418FF7855002A06A6 /* MultiChatDemo */ = {
			isa = PBXNativeTarget;
			buildConfigurationList = EA4FF4E718FF7855002A06A6 /* Build configuration list for PBXNativeTarget "MultiChatDemo" */;
			buildPhases = (
				EA4FF4B118FF7855002A06A6 /* Sources */,
				EA4FF4B218FF7855002A06A6 /* Frameworks */,
				EA4FF4B318FF7855002A06A6 /* Resources */,
			);
			buildRules = (
			);
			dependencies = (
			);
			name = MultiChatDemo;
			productName = MultiChatDemo;
			productReference = EA4FF4B518FF7855002A06A6 /* MultiChatDemo.app */;
			productType = "com.apple.product-type.application";
		};
		EA4FF4D518FF7855002A06A6 /* MultiChatDemoTests */ = {
			isa = PBXNativeTarget;
			buildConfigurationList = EA4FF4EA18FF7855002A06A6 /* Build configuration list for PBXNativeTarget "MultiChatDemoTests" */;
			buildPhases = (
				EA4FF4D218FF7855002A06A6 /* Sources */,
				EA4FF4D318FF7855002A06A6 /* Frameworks */,
				EA4FF4D418FF7855002A06A6 /* Resources */,
			);
			buildRules = (
			);
			dependencies = (
				EA4FF4DC18FF7855002A06A6 /* PBXTargetDependency */,
			);
			name = MultiChatDemoTests;
			productName = MultiChatDemoTests;
			productReference = EA4FF4D618FF7855002A06A6 /* MultiChatDemoTests.xctest */;
			productType = "com.apple.product-type.bundle.unit-test";
		};
/* End PBXNativeTarget section */

/* Begin PBXProject section */
		EA4FF4AD18FF7855002A06A6 /* Project object */ = {
			isa = PBXProject;
			attributes = {
				CLASSPREFIX = MCD;
				LastUpgradeCheck = 0510;
				ORGANIZATIONNAME = "Tony DiPasquale";
				TargetAttributes = {
					EA4FF4D518FF7855002A06A6 = {
						TestTargetID = EA4FF4B418FF7855002A06A6;
					};
				};
			};
			buildConfigurationList = EA4FF4B018FF7855002A06A6 /* Build configuration list for PBXProject "MultiChatDemo" */;
			compatibilityVersion = "Xcode 3.2";
			developmentRegion = English;
			hasScannedForEncodings = 0;
			knownRegions = (
				en,
				Base,
			);
			mainGroup = EA4FF4AC18FF7855002A06A6;
			productRefGroup = EA4FF4B618FF7855002A06A6 /* Products */;
			projectDirPath = "";
			projectRoot = "";
			targets = (
				EA4FF4B418FF7855002A06A6 /* MultiChatDemo */,
				EA4FF4D518FF7855002A06A6 /* MultiChatDemoTests */,
			);
		};
/* End PBXProject section */

/* Begin PBXResourcesBuildPhase section */
		EA4FF4B318FF7855002A06A6 /* Resources */ = {
			isa = PBXResourcesBuildPhase;
			buildActionMask = 2147483647;
			files = (
				EA4FF4D118FF7855002A06A6 /* Images.xcassets in Resources */,
				EA4FF4C318FF7855002A06A6 /* InfoPlist.strings in Resources */,
				EA4FF4CC18FF7855002A06A6 /* Main.storyboard in Resources */,
			);
			runOnlyForDeploymentPostprocessing = 0;
		};
		EA4FF4D418FF7855002A06A6 /* Resources */ = {
			isa = PBXResourcesBuildPhase;
			buildActionMask = 2147483647;
			files = (
				EA4FF4E218FF7855002A06A6 /* InfoPlist.strings in Resources */,
			);
			runOnlyForDeploymentPostprocessing = 0;
		};
/* End PBXResourcesBuildPhase section */

/* Begin PBXSourcesBuildPhase section */
		EA4FF4B118FF7855002A06A6 /* Sources */ = {
			isa = PBXSourcesBuildPhase;
			buildActionMask = 2147483647;
			files = (
				EA4FF4C518FF7855002A06A6 /* main.m in Sources */,
				EA4FF4F218FF87E6002A06A6 /* MCDTextCell.m in Sources */,
				EA4FF4EF18FF7FB1002A06A6 /* MCDAppDelegate.m in Sources */,
				EA4FF4CF18FF7855002A06A6 /* MCDViewController.m in Sources */,
			);
			runOnlyForDeploymentPostprocessing = 0;
		};
		EA4FF4D218FF7855002A06A6 /* Sources */ = {
			isa = PBXSourcesBuildPhase;
			buildActionMask = 2147483647;
			files = (
				EA4FF4E418FF7855002A06A6 /* MultiChatDemoTests.m in Sources */,
			);
			runOnlyForDeploymentPostprocessing = 0;
		};
/* End PBXSourcesBuildPhase section */

/* Begin PBXTargetDependency section */
		EA4FF4DC18FF7855002A06A6 /* PBXTargetDependency */ = {
			isa = PBXTargetDependency;
			target = EA4FF4B418FF7855002A06A6 /* MultiChatDemo */;
			targetProxy = EA4FF4DB18FF7855002A06A6 /* PBXContainerItemProxy */;
		};
/* End PBXTargetDependency section */

/* Begin PBXVariantGroup section */
		EA4FF4C118FF7855002A06A6 /* InfoPlist.strings */ = {
			isa = PBXVariantGroup;
			children = (
				EA4FF4C218FF7855002A06A6 /* en */,
			);
			name = InfoPlist.strings;
			sourceTree = "<group>";
		};
		EA4FF4CA18FF7855002A06A6 /* Main.storyboard */ = {
			isa = PBXVariantGroup;
			children = (
				EA4FF4CB18FF7855002A06A6 /* Base */,
			);
			name = Main.storyboard;
			sourceTree = "<group>";
		};
		EA4FF4E018FF7855002A06A6 /* InfoPlist.strings */ = {
			isa = PBXVariantGroup;
			children = (
				EA4FF4E118FF7855002A06A6 /* en */,
			);
			name = InfoPlist.strings;
			sourceTree = "<group>";
		};
/* End PBXVariantGroup section */

/* Begin XCBuildConfiguration section */
		EA4FF4E518FF7855002A06A6 /* Debug */ = {
			isa = XCBuildConfiguration;
			buildSettings = {
				ALWAYS_SEARCH_USER_PATHS = NO;
				CLANG_CXX_LANGUAGE_STANDARD = "gnu++0x";
				CLANG_CXX_LIBRARY = "libc++";
				CLANG_ENABLE_MODULES = YES;
				CLANG_ENABLE_OBJC_ARC = YES;
				CLANG_WARN_BOOL_CONVERSION = YES;
				CLANG_WARN_CONSTANT_CONVERSION = YES;
				CLANG_WARN_DIRECT_OBJC_ISA_USAGE = YES_ERROR;
				CLANG_WARN_EMPTY_BODY = YES;
				CLANG_WARN_ENUM_CONVERSION = YES;
				CLANG_WARN_INT_CONVERSION = YES;
				CLANG_WARN_OBJC_ROOT_CLASS = YES_ERROR;
				CLANG_WARN__DUPLICATE_METHOD_MATCH = YES;
				"CODE_SIGN_IDENTITY[sdk=iphoneos*]" = "iPhone Developer";
				COPY_PHASE_STRIP = NO;
				GCC_C_LANGUAGE_STANDARD = gnu99;
				GCC_DYNAMIC_NO_PIC = NO;
				GCC_OPTIMIZATION_LEVEL = 0;
				GCC_PREPROCESSOR_DEFINITIONS = (
					"DEBUG=1",
					"$(inherited)",
				);
				GCC_SYMBOLS_PRIVATE_EXTERN = NO;
				GCC_WARN_64_TO_32_BIT_CONVERSION = YES;
				GCC_WARN_ABOUT_RETURN_TYPE = YES_ERROR;
				GCC_WARN_UNDECLARED_SELECTOR = YES;
				GCC_WARN_UNINITIALIZED_AUTOS = YES_AGGRESSIVE;
				GCC_WARN_UNUSED_FUNCTION = YES;
				GCC_WARN_UNUSED_VARIABLE = YES;
				IPHONEOS_DEPLOYMENT_TARGET = 7.1;
				ONLY_ACTIVE_ARCH = YES;
				SDKROOT = iphoneos;
			};
			name = Debug;
		};
		EA4FF4E618FF7855002A06A6 /* Release */ = {
			isa = XCBuildConfiguration;
			buildSettings = {
				ALWAYS_SEARCH_USER_PATHS = NO;
				CLANG_CXX_LANGUAGE_STANDARD = "gnu++0x";
				CLANG_CXX_LIBRARY = "libc++";
				CLANG_ENABLE_MODULES = YES;
				CLANG_ENABLE_OBJC_ARC = YES;
				CLANG_WARN_BOOL_CONVERSION = YES;
				CLANG_WARN_CONSTANT_CONVERSION = YES;
				CLANG_WARN_DIRECT_OBJC_ISA_USAGE = YES_ERROR;
				CLANG_WARN_EMPTY_BODY = YES;
				CLANG_WARN_ENUM_CONVERSION = YES;
				CLANG_WARN_INT_CONVERSION = YES;
				CLANG_WARN_OBJC_ROOT_CLASS = YES_ERROR;
				CLANG_WARN__DUPLICATE_METHOD_MATCH = YES;
				"CODE_SIGN_IDENTITY[sdk=iphoneos*]" = "iPhone Developer";
				COPY_PHASE_STRIP = YES;
				ENABLE_NS_ASSERTIONS = NO;
				GCC_C_LANGUAGE_STANDARD = gnu99;
				GCC_WARN_64_TO_32_BIT_CONVERSION = YES;
				GCC_WARN_ABOUT_RETURN_TYPE = YES_ERROR;
				GCC_WARN_UNDECLARED_SELECTOR = YES;
				GCC_WARN_UNINITIALIZED_AUTOS = YES_AGGRESSIVE;
				GCC_WARN_UNUSED_FUNCTION = YES;
				GCC_WARN_UNUSED_VARIABLE = YES;
				IPHONEOS_DEPLOYMENT_TARGET = 7.1;
				SDKROOT = iphoneos;
				VALIDATE_PRODUCT = YES;
			};
			name = Release;
		};
		EA4FF4E818FF7855002A06A6 /* Debug */ = {
			isa = XCBuildConfiguration;
			buildSettings = {
				ASSETCATALOG_COMPILER_APPICON_NAME = AppIcon;
				ASSETCATALOG_COMPILER_LAUNCHIMAGE_NAME = LaunchImage;
				GCC_PRECOMPILE_PREFIX_HEADER = YES;
				GCC_PREFIX_HEADER = "MultiChatDemo/MultiChatDemo-Prefix.pch";
				INFOPLIST_FILE = "MultiChatDemo/MultiChatDemo-Info.plist";
				PRODUCT_NAME = "$(TARGET_NAME)";
				WRAPPER_EXTENSION = app;
			};
			name = Debug;
		};
		EA4FF4E918FF7855002A06A6 /* Release */ = {
			isa = XCBuildConfiguration;
			buildSettings = {
				ASSETCATALOG_COMPILER_APPICON_NAME = AppIcon;
				ASSETCATALOG_COMPILER_LAUNCHIMAGE_NAME = LaunchImage;
				GCC_PRECOMPILE_PREFIX_HEADER = YES;
				GCC_PREFIX_HEADER = "MultiChatDemo/MultiChatDemo-Prefix.pch";
				INFOPLIST_FILE = "MultiChatDemo/MultiChatDemo-Info.plist";
				PRODUCT_NAME = "$(TARGET_NAME)";
				WRAPPER_EXTENSION = app;
			};
			name = Release;
		};
		EA4FF4EB18FF7855002A06A6 /* Debug */ = {
			isa = XCBuildConfiguration;
			buildSettings = {
				BUNDLE_LOADER = "$(BUILT_PRODUCTS_DIR)/MultiChatDemo.app/MultiChatDemo";
				FRAMEWORK_SEARCH_PATHS = (
					"$(SDKROOT)/Developer/Library/Frameworks",
					"$(inherited)",
					"$(DEVELOPER_FRAMEWORKS_DIR)",
				);
				GCC_PRECOMPILE_PREFIX_HEADER = YES;
				GCC_PREFIX_HEADER = "MultiChatDemo/MultiChatDemo-Prefix.pch";
				GCC_PREPROCESSOR_DEFINITIONS = (
					"DEBUG=1",
					"$(inherited)",
				);
				INFOPLIST_FILE = "MultiChatDemoTests/MultiChatDemoTests-Info.plist";
				PRODUCT_NAME = "$(TARGET_NAME)";
				TEST_HOST = "$(BUNDLE_LOADER)";
				WRAPPER_EXTENSION = xctest;
			};
			name = Debug;
		};
		EA4FF4EC18FF7855002A06A6 /* Release */ = {
			isa = XCBuildConfiguration;
			buildSettings = {
				BUNDLE_LOADER = "$(BUILT_PRODUCTS_DIR)/MultiChatDemo.app/MultiChatDemo";
				FRAMEWORK_SEARCH_PATHS = (
					"$(SDKROOT)/Developer/Library/Frameworks",
					"$(inherited)",
					"$(DEVELOPER_FRAMEWORKS_DIR)",
				);
				GCC_PRECOMPILE_PREFIX_HEADER = YES;
				GCC_PREFIX_HEADER = "MultiChatDemo/MultiChatDemo-Prefix.pch";
				INFOPLIST_FILE = "MultiChatDemoTests/MultiChatDemoTests-Info.plist";
				PRODUCT_NAME = "$(TARGET_NAME)";
				TEST_HOST = "$(BUNDLE_LOADER)";
				WRAPPER_EXTENSION = xctest;
			};
			name = Release;
		};
/* End XCBuildConfiguration section */

/* Begin XCConfigurationList section */
		EA4FF4B018FF7855002A06A6 /* Build configuration list for PBXProject "MultiChatDemo" */ = {
			isa = XCConfigurationList;
			buildConfigurations = (
				EA4FF4E518FF7855002A06A6 /* Debug */,
				EA4FF4E618FF7855002A06A6 /* Release */,
			);
			defaultConfigurationIsVisible = 0;
			defaultConfigurationName = Release;
		};
		EA4FF4E718FF7855002A06A6 /* Build configuration list for PBXNativeTarget "MultiChatDemo" */ = {
			isa = XCConfigurationList;
			buildConfigurations = (
				EA4FF4E818FF7855002A06A6 /* Debug */,
				EA4FF4E918FF7855002A06A6 /* Release */,
			);
			defaultConfigurationIsVisible = 0;
		};
		EA4FF4EA18FF7855002A06A6 /* Build configuration list for PBXNativeTarget "MultiChatDemoTests" */ = {
			isa = XCConfigurationList;
			buildConfigurations = (
				EA4FF4EB18FF7855002A06A6 /* Debug */,
				EA4FF4EC18FF7855002A06A6 /* Release */,
			);
			defaultConfigurationIsVisible = 0;
		};
/* End XCConfigurationList section */
	};
	rootObject = EA4FF4AD18FF7855002A06A6 /* Project object */;
}
